<?xml version="1.0" encoding="utf-8"?>
<Project ToolsVersion="4.0" xmlns="http://schemas.microsoft.com/developer/msbuild/2003">
  <ItemGroup>
    <Filter Include="Source Files">
      <UniqueIdentifier>{4FC737F1-C7A5-4376-A066-2A32D752A2FF}</UniqueIdentifier>
      <Extensions>cpp;c;cc;cxx;def;odl;idl;hpj;bat;asm;asmx</Extensions>
    </Filter>
    <Filter Include="Header Files">
      <UniqueIdentifier>{93995380-89BD-4b04-88EB-625FBE52EBFB}</UniqueIdentifier>
      <Extensions>h;hpp;hxx;hm;inl;inc;xsd</Extensions>
    </Filter>
    <Filter Include="Resource Files">
      <UniqueIdentifier>{67DA6AB6-F800-4c08-8B7A-83BB121AAD01}</UniqueIdentifier>
      <Extensions>rc;ico;cur;bmp;dlg;rc2;rct;bin;rgs;gif;jpg;jpeg;jpe;resx;tiff;tif;png;wav;mfcribbon-ms</Extensions>
    </Filter>
    <Filter Include="gltHelper">
      <UniqueIdentifier>{6a6da933-f425-454b-a43c-2165bd06cc0a}</UniqueIdentifier>
    </Filter>
  </ItemGroup>
  <ItemGroup>
    <ClCompile Include="Main.cpp">
      <Filter>Source Files</Filter>
    </ClCompile>
    <ClCompile Include="gltHelp\GLee.c">
      <Filter>gltHelper</Filter>
    </ClCompile>
    <ClCompile Include="gltHelp\gltools.cpp">
      <Filter>gltHelper</Filter>
    </ClCompile>
    <ClCompile Include="gltHelp\math3d.cpp">
      <Filter>gltHelper</Filter>
    </ClCompile>
    <ClCompile Include="gltHelp\textfile.cpp">
      <Filter>gltHelper</Filter>
    </ClCompile>
    <ClCompile Include="Utilities.cpp">
      <Filter>Source Files</Filter>
    </ClCompile>
    <ClCompile Include="Volume.cpp">
      <Filter>Source Files</Filter>
    </ClCompile>
    <ClCompile Include="RayCaster.cpp">
      <Filter>Source Files</Filter>
    </ClCompile>
  </ItemGroup>
  <ItemGroup>
    <ClInclude Include="Main.h">
      <Filter>Header Files</Filter>
    </ClInclude>
    <ClInclude Include="gltHelp\GLee.h">
      <Filter>gltHelper</Filter>
    </ClInclude>
    <ClInclude Include="gltHelp\gltbHelper.h">
      <Filter>gltHelper</Filter>
    </ClInclude>
    <ClInclude Include="gltHelp\gltools.h">
      <Filter>gltHelper</Filter>
    </ClInclude>
    <ClInclude Include="gltHelp\math3d.h">
      <Filter>gltHelper</Filter>
    </ClInclude>
    <ClInclude Include="gltHelp\textfile.h">
      <Filter>gltHelper</Filter>
    </ClInclude>
    <ClInclude Include="gltHelp\wglext.h">
      <Filter>gltHelper</Filter>
    </ClInclude>
    <ClInclude Include="Utilities.h">
      <Filter>Header Files</Filter>
    </ClInclude>
    <ClInclude Include="Volume.h">
      <Filter>Header Files</Filter>
    </ClInclude>
    <ClInclude Include="RayCaster.h">
      <Filter>Header Files</Filter>
    </ClInclude>
  </ItemGroup>
  <ItemGroup>
    <None Include="head.raw" />
    <None Include="male.raw" />
    <None Include="rayVertex.vert" />
    <None Include="bonsai.raw" />
    <None Include="rayCaster.vert" />
    <None Include="rayVertex.frag" />
    <None Include="rayCasterDVR.frag" />
    <None Include="transferTex_01.tga" />
    <None Include="transferTex_02.tga" />
    <None Include="transferTex_03.tga" />
    <None Include="transferTex_04.tga" />
    <None Include="rayCasterGradient.frag" />
    <None Include="rayCastXToon.frag" />
    <None Include="rayCaster.frag" />
  </ItemGroup>
</Project>